// !$*UTF8*$!
{
	archiveVersion = 1;
	classes = {
	};
	objectVersion = 46;
	objects = {

/* Begin PBXBuildFile section */
		5324AF77209B191A00113918 /* Foundation.framework in Frameworks */ = {isa = PBXBuildFile; fileRef = 5324AF76209B191A00113918 /* Foundation.framework */; };
		534A9BFD209AE69E00D6FB3E /* AppDelegate.swift in Sources */ = {isa = PBXBuildFile; fileRef = 534A9BFC209AE69E00D6FB3E /* AppDelegate.swift */; };
		534A9BFF209AE69E00D6FB3E /* ViewController.swift in Sources */ = {isa = PBXBuildFile; fileRef = 534A9BFE209AE69E00D6FB3E /* ViewController.swift */; };
		534A9C01209AE69E00D6FB3E /* Assets.xcassets in Resources */ = {isa = PBXBuildFile; fileRef = 534A9C00209AE69E00D6FB3E /* Assets.xcassets */; };
		534A9C04209AE69E00D6FB3E /* Main.storyboard in Resources */ = {isa = PBXBuildFile; fileRef = 534A9C02209AE69E00D6FB3E /* Main.storyboard */; };
		534A9C0F209AE69E00D6FB3E /* sDSYMToolsTests.swift in Sources */ = {isa = PBXBuildFile; fileRef = 534A9C0E209AE69E00D6FB3E /* sDSYMToolsTests.swift */; };
		534A9C1A209AE69E00D6FB3E /* sDSYMToolsUITests.swift in Sources */ = {isa = PBXBuildFile; fileRef = 534A9C19209AE69E00D6FB3E /* sDSYMToolsUITests.swift */; };
		534A9C28209AE6D200D6FB3E /* MainWindowController.swift in Sources */ = {isa = PBXBuildFile; fileRef = 534A9C27209AE6D200D6FB3E /* MainWindowController.swift */; };
		534A9C29209AE6D200D6FB3E /* MainWindowController.swift in Sources */ = {isa = PBXBuildFile; fileRef = 534A9C27209AE6D200D6FB3E /* MainWindowController.swift */; };
		534A9C2A209AE6D200D6FB3E /* MainWindowController.swift in Sources */ = {isa = PBXBuildFile; fileRef = 534A9C27209AE6D200D6FB3E /* MainWindowController.swift */; };
/* End PBXBuildFile section */

/* Begin PBXContainerItemProxy section */
		534A9C0B209AE69E00D6FB3E /* PBXContainerItemProxy */ = {
			isa = PBXContainerItemProxy;
			containerPortal = 534A9BF1209AE69E00D6FB3E /* Project object */;
			proxyType = 1;
			remoteGlobalIDString = 534A9BF8209AE69E00D6FB3E;
			remoteInfo = sDSYMTools;
		};
		534A9C16209AE69E00D6FB3E /* PBXContainerItemProxy */ = {
			isa = PBXContainerItemProxy;
			containerPortal = 534A9BF1209AE69E00D6FB3E /* Project object */;
			proxyType = 1;
			remoteGlobalIDString = 534A9BF8209AE69E00D6FB3E;
			remoteInfo = sDSYMTools;
		};
/* End PBXContainerItemProxy section */

/* Begin PBXFileReference section */
		5324AF76209B191A00113918 /* Foundation.framework */ = {isa = PBXFileReference; lastKnownFileType = wrapper.framework; name = Foundation.framework; path = System/Library/Frameworks/Foundation.framework; sourceTree = SDKROOT; };
		534A9BF9209AE69E00D6FB3E /* sDSYMTools.app */ = {isa = PBXFileReference; explicitFileType = wrapper.application; includeInIndex = 0; path = sDSYMTools.app; sourceTree = BUILT_PRODUCTS_DIR; };
		534A9BFC209AE69E00D6FB3E /* AppDelegate.swift */ = {isa = PBXFileReference; lastKnownFileType = sourcecode.swift; path = AppDelegate.swift; sourceTree = "<group>"; };
		534A9BFE209AE69E00D6FB3E /* ViewController.swift */ = {isa = PBXFileReference; lastKnownFileType = sourcecode.swift; path = ViewController.swift; sourceTree = "<group>"; };
		534A9C00209AE69E00D6FB3E /* Assets.xcassets */ = {isa = PBXFileReference; lastKnownFileType = folder.assetcatalog; path = Assets.xcassets; sourceTree = "<group>"; };
		534A9C03209AE69E00D6FB3E /* Base */ = {isa = PBXFileReference; lastKnownFileType = file.storyboard; name = Base; path = Base.lproj/Main.storyboard; sourceTree = "<group>"; };
		534A9C05209AE69E00D6FB3E /* Info.plist */ = {isa = PBXFileReference; lastKnownFileType = text.plist.xml; path = Info.plist; sourceTree = "<group>"; };
		534A9C0A209AE69E00D6FB3E /* sDSYMToolsTests.xctest */ = {isa = PBXFileReference; explicitFileType = wrapper.cfbundle; includeInIndex = 0; path = sDSYMToolsTests.xctest; sourceTree = BUILT_PRODUCTS_DIR; };
		534A9C0E209AE69E00D6FB3E /* sDSYMToolsTests.swift */ = {isa = PBXFileReference; lastKnownFileType = sourcecode.swift; path = sDSYMToolsTests.swift; sourceTree = "<group>"; };
		534A9C10209AE69E00D6FB3E /* Info.plist */ = {isa = PBXFileReference; lastKnownFileType = text.plist.xml; path = Info.plist; sourceTree = "<group>"; };
		534A9C15209AE69E00D6FB3E /* sDSYMToolsUITests.xctest */ = {isa = PBXFileReference; explicitFileType = wrapper.cfbundle; includeInIndex = 0; path = sDSYMToolsUITests.xctest; sourceTree = BUILT_PRODUCTS_DIR; };
		534A9C19209AE69E00D6FB3E /* sDSYMToolsUITests.swift */ = {isa = PBXFileReference; lastKnownFileType = sourcecode.swift; path = sDSYMToolsUITests.swift; sourceTree = "<group>"; };
		534A9C1B209AE69E00D6FB3E /* Info.plist */ = {isa = PBXFileReference; lastKnownFileType = text.plist.xml; path = Info.plist; sourceTree = "<group>"; };
		534A9C27209AE6D200D6FB3E /* MainWindowController.swift */ = {isa = PBXFileReference; fileEncoding = 4; lastKnownFileType = sourcecode.swift; path = MainWindowController.swift; sourceTree = "<group>"; };
/* End PBXFileReference section */

/* Begin PBXFrameworksBuildPhase section */
		534A9BF6209AE69E00D6FB3E /* Frameworks */ = {
			isa = PBXFrameworksBuildPhase;
			buildActionMask = 2147483647;
			files = (
				5324AF77209B191A00113918 /* Foundation.framework in Frameworks */,
			);
			runOnlyForDeploymentPostprocessing = 0;
		};
		534A9C07209AE69E00D6FB3E /* Frameworks */ = {
			isa = PBXFrameworksBuildPhase;
			buildActionMask = 2147483647;
			files = (
			);
			runOnlyForDeploymentPostprocessing = 0;
		};
		534A9C12209AE69E00D6FB3E /* Frameworks */ = {
			isa = PBXFrameworksBuildPhase;
			buildActionMask = 2147483647;
			files = (
			);
			runOnlyForDeploymentPostprocessing = 0;
		};
/* End PBXFrameworksBuildPhase section */

/* Begin PBXGroup section */
		5324AF75209B191A00113918 /* Frameworks */ = {
			isa = PBXGroup;
			children = (
				5324AF76209B191A00113918 /* Foundation.framework */,
			);
			name = Frameworks;
			sourceTree = "<group>";
		};
		534A9BF0209AE69E00D6FB3E = {
			isa = PBXGroup;
			children = (
				534A9BFB209AE69E00D6FB3E /* sDSYMTools */,
				534A9C0D209AE69E00D6FB3E /* sDSYMToolsTests */,
				534A9C18209AE69E00D6FB3E /* sDSYMToolsUITests */,
				534A9BFA209AE69E00D6FB3E /* Products */,
				5324AF75209B191A00113918 /* Frameworks */,
			);
			sourceTree = "<group>";
		};
		534A9BFA209AE69E00D6FB3E /* Products */ = {
			isa = PBXGroup;
			children = (
				534A9BF9209AE69E00D6FB3E /* sDSYMTools.app */,
				534A9C0A209AE69E00D6FB3E /* sDSYMToolsTests.xctest */,
				534A9C15209AE69E00D6FB3E /* sDSYMToolsUITests.xctest */,
			);
			name = Products;
			sourceTree = "<group>";
		};
		534A9BFB209AE69E00D6FB3E /* sDSYMTools */ = {
			isa = PBXGroup;
			children = (
				534A9BFC209AE69E00D6FB3E /* AppDelegate.swift */,
				534A9BFE209AE69E00D6FB3E /* ViewController.swift */,
				534A9C00209AE69E00D6FB3E /* Assets.xcassets */,
				534A9C02209AE69E00D6FB3E /* Main.storyboard */,
				534A9C05209AE69E00D6FB3E /* Info.plist */,
				534A9C27209AE6D200D6FB3E /* MainWindowController.swift */,
			);
			path = sDSYMTools;
			sourceTree = "<group>";
		};
		534A9C0D209AE69E00D6FB3E /* sDSYMToolsTests */ = {
			isa = PBXGroup;
			children = (
				534A9C0E209AE69E00D6FB3E /* sDSYMToolsTests.swift */,
				534A9C10209AE69E00D6FB3E /* Info.plist */,
			);
			path = sDSYMToolsTests;
			sourceTree = "<group>";
		};
		534A9C18209AE69E00D6FB3E /* sDSYMToolsUITests */ = {
			isa = PBXGroup;
			children = (
				534A9C19209AE69E00D6FB3E /* sDSYMToolsUITests.swift */,
				534A9C1B209AE69E00D6FB3E /* Info.plist */,
			);
			path = sDSYMToolsUITests;
			sourceTree = "<group>";
		};
/* End PBXGroup section */

/* Begin PBXNativeTarget section */
		534A9BF8209AE69E00D6FB3E /* sDSYMTools */ = {
			isa = PBXNativeTarget;
			buildConfigurationList = 534A9C1E209AE69E00D6FB3E /* Build configuration list for PBXNativeTarget "sDSYMTools" */;
			buildPhases = (
				534A9BF5209AE69E00D6FB3E /* Sources */,
				534A9BF6209AE69E00D6FB3E /* Frameworks */,
				534A9BF7209AE69E00D6FB3E /* Resources */,
			);
			buildRules = (
			);
			dependencies = (
			);
			name = sDSYMTools;
			productName = sDSYMTools;
			productReference = 534A9BF9209AE69E00D6FB3E /* sDSYMTools.app */;
			productType = "com.apple.product-type.application";
		};
		534A9C09209AE69E00D6FB3E /* sDSYMToolsTests */ = {
			isa = PBXNativeTarget;
			buildConfigurationList = 534A9C21209AE69E00D6FB3E /* Build configuration list for PBXNativeTarget "sDSYMToolsTests" */;
			buildPhases = (
				534A9C06209AE69E00D6FB3E /* Sources */,
				534A9C07209AE69E00D6FB3E /* Frameworks */,
				534A9C08209AE69E00D6FB3E /* Resources */,
			);
			buildRules = (
			);
			dependencies = (
				534A9C0C209AE69E00D6FB3E /* PBXTargetDependency */,
			);
			name = sDSYMToolsTests;
			productName = sDSYMToolsTests;
			productReference = 534A9C0A209AE69E00D6FB3E /* sDSYMToolsTests.xctest */;
			productType = "com.apple.product-type.bundle.unit-test";
		};
		534A9C14209AE69E00D6FB3E /* sDSYMToolsUITests */ = {
			isa = PBXNativeTarget;
			buildConfigurationList = 534A9C24209AE69E00D6FB3E /* Build configuration list for PBXNativeTarget "sDSYMToolsUITests" */;
			buildPhases = (
				534A9C11209AE69E00D6FB3E /* Sources */,
				534A9C12209AE69E00D6FB3E /* Frameworks */,
				534A9C13209AE69E00D6FB3E /* Resources */,
			);
			buildRules = (
			);
			dependencies = (
				534A9C17209AE69E00D6FB3E /* PBXTargetDependency */,
			);
			name = sDSYMToolsUITests;
			productName = sDSYMToolsUITests;
			productReference = 534A9C15209AE69E00D6FB3E /* sDSYMToolsUITests.xctest */;
			productType = "com.apple.product-type.bundle.ui-testing";
		};
/* End PBXNativeTarget section */

/* Begin PBXProject section */
		534A9BF1209AE69E00D6FB3E /* Project object */ = {
			isa = PBXProject;
			attributes = {
				LastSwiftUpdateCheck = 0830;
				LastUpgradeCheck = 0830;
				ORGANIZATIONNAME = "李雨龙";
				TargetAttributes = {
					534A9BF8209AE69E00D6FB3E = {
						CreatedOnToolsVersion = 8.3.3;
						ProvisioningStyle = Automatic;
					};
					534A9C09209AE69E00D6FB3E = {
						CreatedOnToolsVersion = 8.3.3;
						ProvisioningStyle = Automatic;
						TestTargetID = 534A9BF8209AE69E00D6FB3E;
					};
					534A9C14209AE69E00D6FB3E = {
						CreatedOnToolsVersion = 8.3.3;
						ProvisioningStyle = Automatic;
						TestTargetID = 534A9BF8209AE69E00D6FB3E;
					};
				};
			};
			buildConfigurationList = 534A9BF4209AE69E00D6FB3E /* Build configuration list for PBXProject "sDSYMTools" */;
			compatibilityVersion = "Xcode 3.2";
			developmentRegion = English;
			hasScannedForEncodings = 0;
			knownRegions = (
				en,
				Base,
			);
			mainGroup = 534A9BF0209AE69E00D6FB3E;
			productRefGroup = 534A9BFA209AE69E00D6FB3E /* Products */;
			projectDirPath = "";
			projectRoot = "";
			targets = (
				534A9BF8209AE69E00D6FB3E /* sDSYMTools */,
				534A9C09209AE69E00D6FB3E /* sDSYMToolsTests */,
				534A9C14209AE69E00D6FB3E /* sDSYMToolsUITests */,
			);
		};
/* End PBXProject section */

/* Begin PBXResourcesBuildPhase section */
		534A9BF7209AE69E00D6FB3E /* Resources */ = {
			isa = PBXResourcesBuildPhase;
			buildActionMask = 2147483647;
			files = (
				534A9C01209AE69E00D6FB3E /* Assets.xcassets in Resources */,
				534A9C04209AE69E00D6FB3E /* Main.storyboard in Resources */,
			);
			runOnlyForDeploymentPostprocessing = 0;
		};
		534A9C08209AE69E00D6FB3E /* Resources */ = {
			isa = PBXResourcesBuildPhase;
			buildActionMask = 2147483647;
			files = (
			);
			runOnlyForDeploymentPostprocessing = 0;
		};
		534A9C13209AE69E00D6FB3E /* Resources */ = {
			isa = PBXResourcesBuildPhase;
			buildActionMask = 2147483647;
			files = (
			);
			runOnlyForDeploymentPostprocessing = 0;
		};
/* End PBXResourcesBuildPhase section */

/* Begin PBXSourcesBuildPhase section */
		534A9BF5209AE69E00D6FB3E /* Sources */ = {
			isa = PBXSourcesBuildPhase;
			buildActionMask = 2147483647;
			files = (
				534A9BFF209AE69E00D6FB3E /* ViewController.swift in Sources */,
				534A9BFD209AE69E00D6FB3E /* AppDelegate.swift in Sources */,
				534A9C28209AE6D200D6FB3E /* MainWindowController.swift in Sources */,
			);
			runOnlyForDeploymentPostprocessing = 0;
		};
		534A9C06209AE69E00D6FB3E /* Sources */ = {
			isa = PBXSourcesBuildPhase;
			buildActionMask = 2147483647;
			files = (
				534A9C29209AE6D200D6FB3E /* MainWindowController.swift in Sources */,
				534A9C0F209AE69E00D6FB3E /* sDSYMToolsTests.swift in Sources */,
			);
			runOnlyForDeploymentPostprocessing = 0;
		};
		534A9C11209AE69E00D6FB3E /* Sources */ = {
			isa = PBXSourcesBuildPhase;
			buildActionMask = 2147483647;
			files = (
				534A9C2A209AE6D200D6FB3E /* MainWindowController.swift in Sources */,
				534A9C1A209AE69E00D6FB3E /* sDSYMToolsUITests.swift in Sources */,
			);
			runOnlyForDeploymentPostprocessing = 0;
		};
/* End PBXSourcesBuildPhase section */

/* Begin PBXTargetDependency section */
		534A9C0C209AE69E00D6FB3E /* PBXTargetDependency */ = {
			isa = PBXTargetDependency;
			target = 534A9BF8209AE69E00D6FB3E /* sDSYMTools */;
			targetProxy = 534A9C0B209AE69E00D6FB3E /* PBXContainerItemProxy */;
		};
		534A9C17209AE69E00D6FB3E /* PBXTargetDependency */ = {
			isa = PBXTargetDependency;
			target = 534A9BF8209AE69E00D6FB3E /* sDSYMTools */;
			targetProxy = 534A9C16209AE69E00D6FB3E /* PBXContainerItemProxy */;
		};
/* End PBXTargetDependency section */

/* Begin PBXVariantGroup section */
		534A9C02209AE69E00D6FB3E /* Main.storyboard */ = {
			isa = PBXVariantGroup;
			children = (
				534A9C03209AE69E00D6FB3E /* Base */,
			);
			name = Main.storyboard;
			sourceTree = "<group>";
		};
/* End PBXVariantGroup section */

/* Begin XCBuildConfiguration section */
		534A9C1C209AE69E00D6FB3E /* Debug */ = {
			isa = XCBuildConfiguration;
			buildSettings = {
				ALWAYS_SEARCH_USER_PATHS = NO;
				CLANG_ANALYZER_NONNULL = YES;
				CLANG_ANALYZER_NUMBER_OBJECT_CONVERSION = YES_AGGRESSIVE;
				CLANG_CXX_LANGUAGE_STANDARD = "gnu++0x";
				CLANG_CXX_LIBRARY = "libc++";
				CLANG_ENABLE_MODULES = YES;
				CLANG_ENABLE_OBJC_ARC = YES;
				CLANG_WARN_BOOL_CONVERSION = YES;
				CLANG_WARN_CONSTANT_CONVERSION = YES;
				CLANG_WARN_DIRECT_OBJC_ISA_USAGE = YES_ERROR;
				CLANG_WARN_DOCUMENTATION_COMMENTS = YES;
				CLANG_WARN_EMPTY_BODY = YES;
				CLANG_WARN_ENUM_CONVERSION = YES;
				CLANG_WARN_INFINITE_RECURSION = YES;
				CLANG_WARN_INT_CONVERSION = YES;
				CLANG_WARN_OBJC_ROOT_CLASS = YES_ERROR;
				CLANG_WARN_SUSPICIOUS_MOVE = YES;
				CLANG_WARN_UNREACHABLE_CODE = YES;
				CLANG_WARN__DUPLICATE_METHOD_MATCH = YES;
				CODE_SIGN_IDENTITY = "-";
				COPY_PHASE_STRIP = NO;
				DEBUG_INFORMATION_FORMAT = dwarf;
				ENABLE_STRICT_OBJC_MSGSEND = YES;
				ENABLE_TESTABILITY = YES;
				GCC_C_LANGUAGE_STANDARD = gnu99;
				GCC_DYNAMIC_NO_PIC = NO;
				GCC_NO_COMMON_BLOCKS = YES;
				GCC_OPTIMIZATION_LEVEL = 0;
				GCC_PREPROCESSOR_DEFINITIONS = (
					"DEBUG=1",
					"$(inherited)",
				);
				GCC_WARN_64_TO_32_BIT_CONVERSION = YES;
				GCC_WARN_ABOUT_RETURN_TYPE = YES_ERROR;
				GCC_WARN_UNDECLARED_SELECTOR = YES;
				GCC_WARN_UNINITIALIZED_AUTOS = YES_AGGRESSIVE;
				GCC_WARN_UNUSED_FUNCTION = YES;
				GCC_WARN_UNUSED_VARIABLE = YES;
				MACOSX_DEPLOYMENT_TARGET = 10.12;
				MTL_ENABLE_DEBUG_INFO = YES;
				ONLY_ACTIVE_ARCH = YES;
				SDKROOT = macosx;
				SWIFT_ACTIVE_COMPILATION_CONDITIONS = DEBUG;
				SWIFT_OPTIMIZATION_LEVEL = "-Onone";
			};
			name = Debug;
		};
		534A9C1D209AE69E00D6FB3E /* Release */ = {
			isa = XCBuildConfiguration;
			buildSettings = {
				ALWAYS_SEARCH_USER_PATHS = NO;
				CLANG_ANALYZER_NONNULL = YES;
				CLANG_ANALYZER_NUMBER_OBJECT_CONVERSION = YES_AGGRESSIVE;
				CLANG_CXX_LANGUAGE_STANDARD = "gnu++0x";
				CLANG_CXX_LIBRARY = "libc++";
				CLANG_ENABLE_MODULES = YES;
				CLANG_ENABLE_OBJC_ARC = YES;
				CLANG_WARN_BOOL_CONVERSION = YES;
				CLANG_WARN_CONSTANT_CONVERSION = YES;
				CLANG_WARN_DIRECT_OBJC_ISA_USAGE = YES_ERROR;
				CLANG_WARN_DOCUMENTATION_COMMENTS = YES;
				CLANG_WARN_EMPTY_BODY = YES;
				CLANG_WARN_ENUM_CONVERSION = YES;
				CLANG_WARN_INFINITE_RECURSION = YES;
				CLANG_WARN_INT_CONVERSION = YES;
				CLANG_WARN_OBJC_ROOT_CLASS = YES_ERROR;
				CLANG_WARN_SUSPICIOUS_MOVE = YES;
				CLANG_WARN_UNREACHABLE_CODE = YES;
				CLANG_WARN__DUPLICATE_METHOD_MATCH = YES;
				CODE_SIGN_IDENTITY = "-";
				COPY_PHASE_STRIP = NO;
				DEBUG_INFORMATION_FORMAT = "dwarf-with-dsym";
				ENABLE_NS_ASSERTIONS = NO;
				ENABLE_STRICT_OBJC_MSGSEND = YES;
				GCC_C_LANGUAGE_STANDARD = gnu99;
				GCC_NO_COMMON_BLOCKS = YES;
				GCC_WARN_64_TO_32_BIT_CONVERSION = YES;
				GCC_WARN_ABOUT_RETURN_TYPE = YES_ERROR;
				GCC_WARN_UNDECLARED_SELECTOR = YES;
				GCC_WARN_UNINITIALIZED_AUTOS = YES_AGGRESSIVE;
				GCC_WARN_UNUSED_FUNCTION = YES;
				GCC_WARN_UNUSED_VARIABLE = YES;
				MACOSX_DEPLOYMENT_TARGET = 10.12;
				MTL_ENABLE_DEBUG_INFO = NO;
				SDKROOT = macosx;
				SWIFT_OPTIMIZATION_LEVEL = "-Owholemodule";
			};
			name = Release;
		};
		534A9C1F209AE69E00D6FB3E /* Debug */ = {
			isa = XCBuildConfiguration;
			buildSettings = {
				ASSETCATALOG_COMPILER_APPICON_NAME = AppIcon;
				COMBINE_HIDPI_IMAGES = YES;
				INFOPLIST_FILE = sDSYMTools/Info.plist;
				LD_RUNPATH_SEARCH_PATHS = "$(inherited) @executable_path/../Frameworks";
				PRODUCT_BUNDLE_IDENTIFIER = xsk.sDSYMTools;
				PRODUCT_NAME = "$(TARGET_NAME)";
				SWIFT_VERSION = 3.0;
			};
			name = Debug;
		};
		534A9C20209AE69E00D6FB3E /* Release */ = {
			isa = XCBuildConfiguration;
			buildSettings = {
				ASSETCATALOG_COMPILER_APPICON_NAME = AppIcon;
				COMBINE_HIDPI_IMAGES = YES;
				INFOPLIST_FILE = sDSYMTools/Info.plist;
				LD_RUNPATH_SEARCH_PATHS = "$(inherited) @executable_path/../Frameworks";
				PRODUCT_BUNDLE_IDENTIFIER = xsk.sDSYMTools;
				PRODUCT_NAME = "$(TARGET_NAME)";
				SWIFT_VERSION = 3.0;
			};
			name = Release;
		};
		534A9C22209AE69E00D6FB3E /* Debug */ = {
			isa = XCBuildConfiguration;
			buildSettings = {
				ALWAYS_EMBED_SWIFT_STANDARD_LIBRARIES = YES;
				BUNDLE_LOADER = "$(TEST_HOST)";
				COMBINE_HIDPI_IMAGES = YES;
				INFOPLIST_FILE = sDSYMToolsTests/Info.plist;
				LD_RUNPATH_SEARCH_PATHS = "$(inherited) @executable_path/../Frameworks @loader_path/../Frameworks";
				PRODUCT_BUNDLE_IDENTIFIER = xsk.sDSYMToolsTests;
				PRODUCT_NAME = "$(TARGET_NAME)";
				SWIFT_VERSION = 3.0;
				TEST_HOST = "$(BUILT_PRODUCTS_DIR)/sDSYMTools.app/Contents/MacOS/sDSYMTools";
			};
			name = Debug;
		};
		534A9C23209AE69E00D6FB3E /* Release */ = {
			isa = XCBuildConfiguration;
			buildSettings = {
				ALWAYS_EMBED_SWIFT_STANDARD_LIBRARIES = YES;
				BUNDLE_LOADER = "$(TEST_HOST)";
				COMBINE_HIDPI_IMAGES = YES;
				INFOPLIST_FILE = sDSYMToolsTests/Info.plist;
				LD_RUNPATH_SEARCH_PATHS = "$(inherited) @executable_path/../Frameworks @loader_path/../Frameworks";
				PRODUCT_BUNDLE_IDENTIFIER = xsk.sDSYMToolsTests;
				PRODUCT_NAME = "$(TARGET_NAME)";
				SWIFT_VERSION = 3.0;
				TEST_HOST = "$(BUILT_PRODUCTS_DIR)/sDSYMTools.app/Contents/MacOS/sDSYMTools";
			};
			name = Release;
		};
		534A9C25209AE69E00D6FB3E /* Debug */ = {
			isa = XCBuildConfiguration;
			buildSettings = {
				ALWAYS_EMBED_SWIFT_STANDARD_LIBRARIES = YES;
				COMBINE_HIDPI_IMAGES = YES;
				INFOPLIST_FILE = sDSYMToolsUITests/Info.plist;
				LD_RUNPATH_SEARCH_PATHS = "$(inherited) @executable_path/../Frameworks @loader_path/../Frameworks";
				PRODUCT_BUNDLE_IDENTIFIER = xsk.sDSYMToolsUITests;
				PRODUCT_NAME = "$(TARGET_NAME)";
				SWIFT_VERSION = 3.0;
				TEST_TARGET_NAME = sDSYMTools;
			};
			name = Debug;
		};
		534A9C26209AE69E00D6FB3E /* Release */ = {
			isa = XCBuildConfiguration;
			buildSettings = {
				ALWAYS_EMBED_SWIFT_STANDARD_LIBRARIES = YES;
				COMBINE_HIDPI_IMAGES = YES;
				INFOPLIST_FILE = sDSYMToolsUITests/Info.plist;
				LD_RUNPATH_SEARCH_PATHS = "$(inherited) @executable_path/../Frameworks @loader_path/../Frameworks";
				PRODUCT_BUNDLE_IDENTIFIER = xsk.sDSYMToolsUITests;
				PRODUCT_NAME = "$(TARGET_NAME)";
				SWIFT_VERSION = 3.0;
				TEST_TARGET_NAME = sDSYMTools;
			};
			name = Release;
		};
/* End XCBuildConfiguration section */

/* Begin XCConfigurationList section */
		534A9BF4209AE69E00D6FB3E /* Build configuration list for PBXProject "sDSYMTools" */ = {
			isa = XCConfigurationList;
			buildConfigurations = (
				534A9C1C209AE69E00D6FB3E /* Debug */,
				534A9C1D209AE69E00D6FB3E /* Release */,
			);
			defaultConfigurationIsVisible = 0;
			defaultConfigurationName = Release;
		};
		534A9C1E209AE69E00D6FB3E /* Build configuration list for PBXNativeTarget "sDSYMTools" */ = {
			isa = XCConfigurationList;
			buildConfigurations = (
				534A9C1F209AE69E00D6FB3E /* Debug */,
				534A9C20209AE69E00D6FB3E /* Release */,
			);
			defaultConfigurationIsVisible = 0;
			defaultConfigurationName = Release;
		};
		534A9C21209AE69E00D6FB3E /* Build configuration list for PBXNativeTarget "sDSYMToolsTests" */ = {
			isa = XCConfigurationList;
			buildConfigurations = (
				534A9C22209AE69E00D6FB3E /* Debug */,
				534A9C23209AE69E00D6FB3E /* Release */,
			);
			defaultConfigurationIsVisible = 0;
			defaultConfigurationName = Release;
		};
		534A9C24209AE69E00D6FB3E /* Build configuration list for PBXNativeTarget "sDSYMToolsUITests" */ = {
			isa = XCConfigurationList;
			buildConfigurations = (
				534A9C25209AE69E00D6FB3E /* Debug */,
				534A9C26209AE69E00D6FB3E /* Release */,
			);
			defaultConfigurationIsVisible = 0;
			defaultConfigurationName = Release;
		};
/* End XCConfigurationList section */
	};
	rootObject = 534A9BF1209AE69E00D6FB3E /* Project object */;
}
